// !$*UTF8*$!
{
	archiveVersion = 1;
	classes = {
	};
	objectVersion = 50;
	objects = {

/* Begin PBXBuildFile section */
		A71B26C2534689BFA153857A /* Pods_Pitch_Pal.framework in Frameworks */ = {isa = PBXBuildFile; fileRef = 10515BA02CD7AA55DD0E3E76 /* Pods_Pitch_Pal.framework */; };
		E721A756251D667800C2145A /* PitchDetection.swift in Sources */ = {isa = PBXBuildFile; fileRef = E721A755251D667800C2145A /* PitchDetection.swift */; };
		E790F60D251EB068005652C0 /* Styles.swift in Sources */ = {isa = PBXBuildFile; fileRef = E790F60C251EB068005652C0 /* Styles.swift */; };
		E7C53FF6251C0ED000EDECE0 /* AppDelegate.swift in Sources */ = {isa = PBXBuildFile; fileRef = E7C53FF5251C0ED000EDECE0 /* AppDelegate.swift */; };
		E7C53FF8251C0ED000EDECE0 /* SceneDelegate.swift in Sources */ = {isa = PBXBuildFile; fileRef = E7C53FF7251C0ED000EDECE0 /* SceneDelegate.swift */; };
		E7C53FFD251C0ED000EDECE0 /* Main.storyboard in Resources */ = {isa = PBXBuildFile; fileRef = E7C53FFB251C0ED000EDECE0 /* Main.storyboard */; };
		E7C53FFF251C0ED500EDECE0 /* Assets.xcassets in Resources */ = {isa = PBXBuildFile; fileRef = E7C53FFE251C0ED500EDECE0 /* Assets.xcassets */; };
		E7C54002251C0ED500EDECE0 /* LaunchScreen.storyboard in Resources */ = {isa = PBXBuildFile; fileRef = E7C54000251C0ED500EDECE0 /* LaunchScreen.storyboard */; };
		E7D7FB6C252D290B0078968E /* PlayScene.swift in Sources */ = {isa = PBXBuildFile; fileRef = E7D7FB6B252D290B0078968E /* PlayScene.swift */; };
		E7E58B6A2523AF6F0061EE19 /* Lesson001.swift in Sources */ = {isa = PBXBuildFile; fileRef = E7E58B692523AF6F0061EE19 /* Lesson001.swift */; };
		E7E58B6E25240B070061EE19 /* Play.swift in Sources */ = {isa = PBXBuildFile; fileRef = E7E58B6D25240B070061EE19 /* Play.swift */; };
		E7E58B762527D10A0061EE19 /* Lessons.swift in Sources */ = {isa = PBXBuildFile; fileRef = E7E58B752527D10A0061EE19 /* Lessons.swift */; };
/* End PBXBuildFile section */

/* Begin PBXFileReference section */
		10515BA02CD7AA55DD0E3E76 /* Pods_Pitch_Pal.framework */ = {isa = PBXFileReference; explicitFileType = wrapper.framework; includeInIndex = 0; path = Pods_Pitch_Pal.framework; sourceTree = BUILT_PRODUCTS_DIR; };
		708568F4FCC060D092072F8D /* Pods-Pitch Pal.release.xcconfig */ = {isa = PBXFileReference; includeInIndex = 1; lastKnownFileType = text.xcconfig; name = "Pods-Pitch Pal.release.xcconfig"; path = "Target Support Files/Pods-Pitch Pal/Pods-Pitch Pal.release.xcconfig"; sourceTree = "<group>"; };
		9C1A01FDBF932F7EE5567F93 /* Pods-Pitch Pal.debug.xcconfig */ = {isa = PBXFileReference; includeInIndex = 1; lastKnownFileType = text.xcconfig; name = "Pods-Pitch Pal.debug.xcconfig"; path = "Target Support Files/Pods-Pitch Pal/Pods-Pitch Pal.debug.xcconfig"; sourceTree = "<group>"; };
		E721A755251D667800C2145A /* PitchDetection.swift */ = {isa = PBXFileReference; lastKnownFileType = sourcecode.swift; path = PitchDetection.swift; sourceTree = "<group>"; };
		E790F60C251EB068005652C0 /* Styles.swift */ = {isa = PBXFileReference; lastKnownFileType = sourcecode.swift; path = Styles.swift; sourceTree = "<group>"; };
		E7C53FF2251C0ED000EDECE0 /* Pitch Pal.app */ = {isa = PBXFileReference; explicitFileType = wrapper.application; includeInIndex = 0; path = "Pitch Pal.app"; sourceTree = BUILT_PRODUCTS_DIR; };
		E7C53FF5251C0ED000EDECE0 /* AppDelegate.swift */ = {isa = PBXFileReference; lastKnownFileType = sourcecode.swift; path = AppDelegate.swift; sourceTree = "<group>"; };
		E7C53FF7251C0ED000EDECE0 /* SceneDelegate.swift */ = {isa = PBXFileReference; lastKnownFileType = sourcecode.swift; path = SceneDelegate.swift; sourceTree = "<group>"; };
		E7C53FFC251C0ED000EDECE0 /* Base */ = {isa = PBXFileReference; lastKnownFileType = file.storyboard; name = Base; path = Base.lproj/Main.storyboard; sourceTree = "<group>"; };
		E7C53FFE251C0ED500EDECE0 /* Assets.xcassets */ = {isa = PBXFileReference; lastKnownFileType = folder.assetcatalog; path = Assets.xcassets; sourceTree = "<group>"; };
		E7C54001251C0ED500EDECE0 /* Base */ = {isa = PBXFileReference; lastKnownFileType = file.storyboard; name = Base; path = Base.lproj/LaunchScreen.storyboard; sourceTree = "<group>"; };
		E7C54003251C0ED500EDECE0 /* Info.plist */ = {isa = PBXFileReference; lastKnownFileType = text.plist.xml; path = Info.plist; sourceTree = "<group>"; };
		E7D7FB6B252D290B0078968E /* PlayScene.swift */ = {isa = PBXFileReference; lastKnownFileType = sourcecode.swift; path = PlayScene.swift; sourceTree = "<group>"; };
		E7E58B692523AF6F0061EE19 /* Lesson001.swift */ = {isa = PBXFileReference; lastKnownFileType = sourcecode.swift; path = Lesson001.swift; sourceTree = "<group>"; };
		E7E58B6D25240B070061EE19 /* Play.swift */ = {isa = PBXFileReference; lastKnownFileType = sourcecode.swift; path = Play.swift; sourceTree = "<group>"; };
		E7E58B752527D10A0061EE19 /* Lessons.swift */ = {isa = PBXFileReference; lastKnownFileType = sourcecode.swift; path = Lessons.swift; sourceTree = "<group>"; };
/* End PBXFileReference section */

/* Begin PBXFrameworksBuildPhase section */
		E7C53FEF251C0ED000EDECE0 /* Frameworks */ = {
			isa = PBXFrameworksBuildPhase;
			buildActionMask = 2147483647;
			files = (
				A71B26C2534689BFA153857A /* Pods_Pitch_Pal.framework in Frameworks */,
			);
			runOnlyForDeploymentPostprocessing = 0;
		};
/* End PBXFrameworksBuildPhase section */

/* Begin PBXGroup section */
		560E0C5FC761324E8A9DBB73 /* Frameworks */ = {
			isa = PBXGroup;
			children = (
				10515BA02CD7AA55DD0E3E76 /* Pods_Pitch_Pal.framework */,
			);
			name = Frameworks;
			sourceTree = "<group>";
		};
		CB3C5242292BA8D7CCB5BE2E /* Pods */ = {
			isa = PBXGroup;
			children = (
				9C1A01FDBF932F7EE5567F93 /* Pods-Pitch Pal.debug.xcconfig */,
				708568F4FCC060D092072F8D /* Pods-Pitch Pal.release.xcconfig */,
			);
			path = Pods;
			sourceTree = "<group>";
		};
		E790F60A251EB04D005652C0 /* Helpers */ = {
			isa = PBXGroup;
			children = (
				E790F60C251EB068005652C0 /* Styles.swift */,
			);
			path = Helpers;
			sourceTree = "<group>";
		};
		E7C53FE9251C0ED000EDECE0 = {
			isa = PBXGroup;
			children = (
				E790F60A251EB04D005652C0 /* Helpers */,
				E7C53FF4251C0ED000EDECE0 /* Pitch Pal */,
				E7C53FF3251C0ED000EDECE0 /* Products */,
				CB3C5242292BA8D7CCB5BE2E /* Pods */,
				560E0C5FC761324E8A9DBB73 /* Frameworks */,
			);
			sourceTree = "<group>";
		};
		E7C53FF3251C0ED000EDECE0 /* Products */ = {
			isa = PBXGroup;
			children = (
				E7C53FF2251C0ED000EDECE0 /* Pitch Pal.app */,
			);
			name = Products;
			sourceTree = "<group>";
		};
		E7C53FF4251C0ED000EDECE0 /* Pitch Pal */ = {
			isa = PBXGroup;
			children = (
				E7C53FF5251C0ED000EDECE0 /* AppDelegate.swift */,
				E7C53FF7251C0ED000EDECE0 /* SceneDelegate.swift */,
				E7C53FFB251C0ED000EDECE0 /* Main.storyboard */,
				E7C53FFE251C0ED500EDECE0 /* Assets.xcassets */,
				E7C54000251C0ED500EDECE0 /* LaunchScreen.storyboard */,
				E7C54003251C0ED500EDECE0 /* Info.plist */,
				E721A755251D667800C2145A /* PitchDetection.swift */,
				E7E58B692523AF6F0061EE19 /* Lesson001.swift */,
				E7E58B6D25240B070061EE19 /* Play.swift */,
				E7E58B752527D10A0061EE19 /* Lessons.swift */,
				E7D7FB6B252D290B0078968E /* PlayScene.swift */,
			);
			path = "Pitch Pal";
			sourceTree = "<group>";
		};
/* End PBXGroup section */

/* Begin PBXNativeTarget section */
		E7C53FF1251C0ED000EDECE0 /* Pitch Pal */ = {
			isa = PBXNativeTarget;
			buildConfigurationList = E7C54006251C0ED500EDECE0 /* Build configuration list for PBXNativeTarget "Pitch Pal" */;
			buildPhases = (
				1FC3093FFF3CB9513CF22DD4 /* [CP] Check Pods Manifest.lock */,
				E7C53FEE251C0ED000EDECE0 /* Sources */,
				E7C53FEF251C0ED000EDECE0 /* Frameworks */,
				E7C53FF0251C0ED000EDECE0 /* Resources */,
			);
			buildRules = (
			);
			dependencies = (
			);
			name = "Pitch Pal";
			productName = "Pitch Pal";
			productReference = E7C53FF2251C0ED000EDECE0 /* Pitch Pal.app */;
			productType = "com.apple.product-type.application";
		};
/* End PBXNativeTarget section */

/* Begin PBXProject section */
		E7C53FEA251C0ED000EDECE0 /* Project object */ = {
			isa = PBXProject;
			attributes = {
				LastSwiftUpdateCheck = 1140;
				LastUpgradeCheck = 1140;
				ORGANIZATIONNAME = "Pied Piper";
				TargetAttributes = {
					E7C53FF1251C0ED000EDECE0 = {
						CreatedOnToolsVersion = 11.4;
					};
				};
			};
			buildConfigurationList = E7C53FED251C0ED000EDECE0 /* Build configuration list for PBXProject "Pitch Pal" */;
			compatibilityVersion = "Xcode 9.3";
			developmentRegion = en;
			hasScannedForEncodings = 0;
			knownRegions = (
				en,
				Base,
			);
			mainGroup = E7C53FE9251C0ED000EDECE0;
			productRefGroup = E7C53FF3251C0ED000EDECE0 /* Products */;
			projectDirPath = "";
			projectRoot = "";
			targets = (
				E7C53FF1251C0ED000EDECE0 /* Pitch Pal */,
			);
		};
/* End PBXProject section */

/* Begin PBXResourcesBuildPhase section */
		E7C53FF0251C0ED000EDECE0 /* Resources */ = {
			isa = PBXResourcesBuildPhase;
			buildActionMask = 2147483647;
			files = (
				E7C54002251C0ED500EDECE0 /* LaunchScreen.storyboard in Resources */,
				E7C53FFF251C0ED500EDECE0 /* Assets.xcassets in Resources */,
				E7C53FFD251C0ED000EDECE0 /* Main.storyboard in Resources */,
			);
			runOnlyForDeploymentPostprocessing = 0;
		};
/* End PBXResourcesBuildPhase section */

/* Begin PBXShellScriptBuildPhase section */
		1FC3093FFF3CB9513CF22DD4 /* [CP] Check Pods Manifest.lock */ = {
			isa = PBXShellScriptBuildPhase;
			buildActionMask = 2147483647;
			files = (
			);
			inputFileListPaths = (
			);
			inputPaths = (
				"${PODS_PODFILE_DIR_PATH}/Podfile.lock",
				"${PODS_ROOT}/Manifest.lock",
			);
			name = "[CP] Check Pods Manifest.lock";
			outputFileListPaths = (
			);
			outputPaths = (
				"$(DERIVED_FILE_DIR)/Pods-Pitch Pal-checkManifestLockResult.txt",
			);
			runOnlyForDeploymentPostprocessing = 0;
			shellPath = /bin/sh;
			shellScript = "diff \"${PODS_PODFILE_DIR_PATH}/Podfile.lock\" \"${PODS_ROOT}/Manifest.lock\" > /dev/null\nif [ $? != 0 ] ; then\n    # print error to STDERR\n    echo \"error: The sandbox is not in sync with the Podfile.lock. Run 'pod install' or update your CocoaPods installation.\" >&2\n    exit 1\nfi\n# This output is used by Xcode 'outputs' to avoid re-running this script phase.\necho \"SUCCESS\" > \"${SCRIPT_OUTPUT_FILE_0}\"\n";
			showEnvVarsInLog = 0;
		};
/* End PBXShellScriptBuildPhase section */

/* Begin PBXSourcesBuildPhase section */
		E7C53FEE251C0ED000EDECE0 /* Sources */ = {
			isa = PBXSourcesBuildPhase;
			buildActionMask = 2147483647;
			files = (
				E7C53FF6251C0ED000EDECE0 /* AppDelegate.swift in Sources */,
				E7E58B6A2523AF6F0061EE19 /* Lesson001.swift in Sources */,
				E721A756251D667800C2145A /* PitchDetection.swift in Sources */,
				E7C53FF8251C0ED000EDECE0 /* SceneDelegate.swift in Sources */,
				E790F60D251EB068005652C0 /* Styles.swift in Sources */,
				E7E58B6E25240B070061EE19 /* Play.swift in Sources */,
				E7D7FB6C252D290B0078968E /* PlayScene.swift in Sources */,
				E7E58B762527D10A0061EE19 /* Lessons.swift in Sources */,
			);
			runOnlyForDeploymentPostprocessing = 0;
		};
/* End PBXSourcesBuildPhase section */

/* Begin PBXVariantGroup section */
		E7C53FFB251C0ED000EDECE0 /* Main.storyboard */ = {
			isa = PBXVariantGroup;
			children = (
				E7C53FFC251C0ED000EDECE0 /* Base */,
			);
			name = Main.storyboard;
			sourceTree = "<group>";
		};
		E7C54000251C0ED500EDECE0 /* LaunchScreen.storyboard */ = {
			isa = PBXVariantGroup;
			children = (
				E7C54001251C0ED500EDECE0 /* Base */,
			);
			name = LaunchScreen.storyboard;
			sourceTree = "<group>";
		};
/* End PBXVariantGroup section */

/* Begin XCBuildConfiguration section */
		E7C54004251C0ED500EDECE0 /* Debug */ = {
			isa = XCBuildConfiguration;
			buildSettings = {
				ALWAYS_SEARCH_USER_PATHS = NO;
				CLANG_ANALYZER_NONNULL = YES;
				CLANG_ANALYZER_NUMBER_OBJECT_CONVERSION = YES_AGGRESSIVE;
				CLANG_CXX_LANGUAGE_STANDARD = "gnu++14";
				CLANG_CXX_LIBRARY = "libc++";
				CLANG_ENABLE_MODULES = YES;
				CLANG_ENABLE_OBJC_ARC = YES;
				CLANG_ENABLE_OBJC_WEAK = YES;
				CLANG_WARN_BLOCK_CAPTURE_AUTORELEASING = YES;
				CLANG_WARN_BOOL_CONVERSION = YES;
				CLANG_WARN_COMMA = YES;
				CLANG_WARN_CONSTANT_CONVERSION = YES;
				CLANG_WARN_DEPRECATED_OBJC_IMPLEMENTATIONS = YES;
				CLANG_WARN_DIRECT_OBJC_ISA_USAGE = YES_ERROR;
				CLANG_WARN_DOCUMENTATION_COMMENTS = YES;
				CLANG_WARN_EMPTY_BODY = YES;
				CLANG_WARN_ENUM_CONVERSION = YES;
				CLANG_WARN_INFINITE_RECURSION = YES;
				CLANG_WARN_INT_CONVERSION = YES;
				CLANG_WARN_NON_LITERAL_NULL_CONVERSION = YES;
				CLANG_WARN_OBJC_IMPLICIT_RETAIN_SELF = YES;
				CLANG_WARN_OBJC_LITERAL_CONVERSION = YES;
				CLANG_WARN_OBJC_ROOT_CLASS = YES_ERROR;
				CLANG_WARN_RANGE_LOOP_ANALYSIS = YES;
				CLANG_WARN_STRICT_PROTOTYPES = YES;
				CLANG_WARN_SUSPICIOUS_MOVE = YES;
				CLANG_WARN_UNGUARDED_AVAILABILITY = YES_AGGRESSIVE;
				CLANG_WARN_UNREACHABLE_CODE = YES;
				CLANG_WARN__DUPLICATE_METHOD_MATCH = YES;
				COPY_PHASE_STRIP = NO;
				DEBUG_INFORMATION_FORMAT = dwarf;
				ENABLE_STRICT_OBJC_MSGSEND = YES;
				ENABLE_TESTABILITY = YES;
				GCC_C_LANGUAGE_STANDARD = gnu11;
				GCC_DYNAMIC_NO_PIC = NO;
				GCC_NO_COMMON_BLOCKS = YES;
				GCC_OPTIMIZATION_LEVEL = 0;
				GCC_PREPROCESSOR_DEFINITIONS = (
					"DEBUG=1",
					"$(inherited)",
				);
				GCC_WARN_64_TO_32_BIT_CONVERSION = YES;
				GCC_WARN_ABOUT_RETURN_TYPE = YES_ERROR;
				GCC_WARN_UNDECLARED_SELECTOR = YES;
				GCC_WARN_UNINITIALIZED_AUTOS = YES_AGGRESSIVE;
				GCC_WARN_UNUSED_FUNCTION = YES;
				GCC_WARN_UNUSED_VARIABLE = YES;
				IPHONEOS_DEPLOYMENT_TARGET = 13.4;
				MTL_ENABLE_DEBUG_INFO = INCLUDE_SOURCE;
				MTL_FAST_MATH = YES;
				ONLY_ACTIVE_ARCH = YES;
				SDKROOT = iphoneos;
				SWIFT_ACTIVE_COMPILATION_CONDITIONS = DEBUG;
				SWIFT_OPTIMIZATION_LEVEL = "-Onone";
			};
			name = Debug;
		};
		E7C54005251C0ED500EDECE0 /* Release */ = {
			isa = XCBuildConfiguration;
			buildSettings = {
				ALWAYS_SEARCH_USER_PATHS = NO;
				CLANG_ANALYZER_NONNULL = YES;
				CLANG_ANALYZER_NUMBER_OBJECT_CONVERSION = YES_AGGRESSIVE;
				CLANG_CXX_LANGUAGE_STANDARD = "gnu++14";
				CLANG_CXX_LIBRARY = "libc++";
				CLANG_ENABLE_MODULES = YES;
				CLANG_ENABLE_OBJC_ARC = YES;
				CLANG_ENABLE_OBJC_WEAK = YES;
				CLANG_WARN_BLOCK_CAPTURE_AUTORELEASING = YES;
				CLANG_WARN_BOOL_CONVERSION = YES;
				CLANG_WARN_COMMA = YES;
				CLANG_WARN_CONSTANT_CONVERSION = YES;
				CLANG_WARN_DEPRECATED_OBJC_IMPLEMENTATIONS = YES;
				CLANG_WARN_DIRECT_OBJC_ISA_USAGE = YES_ERROR;
				CLANG_WARN_DOCUMENTATION_COMMENTS = YES;
				CLANG_WARN_EMPTY_BODY = YES;
				CLANG_WARN_ENUM_CONVERSION = YES;
				CLANG_WARN_INFINITE_RECURSION = YES;
				CLANG_WARN_INT_CONVERSION = YES;
				CLANG_WARN_NON_LITERAL_NULL_CONVERSION = YES;
				CLANG_WARN_OBJC_IMPLICIT_RETAIN_SELF = YES;
				CLANG_WARN_OBJC_LITERAL_CONVERSION = YES;
				CLANG_WARN_OBJC_ROOT_CLASS = YES_ERROR;
				CLANG_WARN_RANGE_LOOP_ANALYSIS = YES;
				CLANG_WARN_STRICT_PROTOTYPES = YES;
				CLANG_WARN_SUSPICIOUS_MOVE = YES;
				CLANG_WARN_UNGUARDED_AVAILABILITY = YES_AGGRESSIVE;
				CLANG_WARN_UNREACHABLE_CODE = YES;
				CLANG_WARN__DUPLICATE_METHOD_MATCH = YES;
				COPY_PHASE_STRIP = NO;
				DEBUG_INFORMATION_FORMAT = "dwarf-with-dsym";
				ENABLE_NS_ASSERTIONS = NO;
				ENABLE_STRICT_OBJC_MSGSEND = YES;
				GCC_C_LANGUAGE_STANDARD = gnu11;
				GCC_NO_COMMON_BLOCKS = YES;
				GCC_WARN_64_TO_32_BIT_CONVERSION = YES;
				GCC_WARN_ABOUT_RETURN_TYPE = YES_ERROR;
				GCC_WARN_UNDECLARED_SELECTOR = YES;
				GCC_WARN_UNINITIALIZED_AUTOS = YES_AGGRESSIVE;
				GCC_WARN_UNUSED_FUNCTION = YES;
				GCC_WARN_UNUSED_VARIABLE = YES;
				IPHONEOS_DEPLOYMENT_TARGET = 13.4;
				MTL_ENABLE_DEBUG_INFO = NO;
				MTL_FAST_MATH = YES;
				SDKROOT = iphoneos;
				SWIFT_COMPILATION_MODE = wholemodule;
				SWIFT_OPTIMIZATION_LEVEL = "-O";
				VALIDATE_PRODUCT = YES;
			};
			name = Release;
		};
		E7C54007251C0ED500EDECE0 /* Debug */ = {
			isa = XCBuildConfiguration;
			baseConfigurationReference = 9C1A01FDBF932F7EE5567F93 /* Pods-Pitch Pal.debug.xcconfig */;
			buildSettings = {
				ASSETCATALOG_COMPILER_APPICON_NAME = AppIcon;
				CODE_SIGN_STYLE = Automatic;
				DEVELOPMENT_TEAM = H6ALM6VHG3;
				INFOPLIST_FILE = "Pitch Pal/Info.plist";
				LD_RUNPATH_SEARCH_PATHS = (
					"$(inherited)",
					"@executable_path/Frameworks",
				);
				PRODUCT_BUNDLE_IDENTIFIER = "com.PiedPiper.Pitch-Pal";
				PRODUCT_NAME = "$(TARGET_NAME)";
				SWIFT_VERSION = 5.0;
				TARGETED_DEVICE_FAMILY = "1,2";
			};
			name = Debug;
		};
		E7C54008251C0ED500EDECE0 /* Release */ = {
			isa = XCBuildConfiguration;
			baseConfigurationReference = 708568F4FCC060D092072F8D /* Pods-Pitch Pal.release.xcconfig */;
			buildSettings = {
				ASSETCATALOG_COMPILER_APPICON_NAME = AppIcon;
				CODE_SIGN_STYLE = Automatic;
				DEVELOPMENT_TEAM = H6ALM6VHG3;
				INFOPLIST_FILE = "Pitch Pal/Info.plist";
				LD_RUNPATH_SEARCH_PATHS = (
					"$(inherited)",
					"@executable_path/Frameworks",
				);
				PRODUCT_BUNDLE_IDENTIFIER = "com.PiedPiper.Pitch-Pal";
				PRODUCT_NAME = "$(TARGET_NAME)";
				SWIFT_VERSION = 5.0;
				TARGETED_DEVICE_FAMILY = "1,2";
			};
			name = Release;
		};
/* End XCBuildConfiguration section */

/* Begin XCConfigurationList section */
		E7C53FED251C0ED000EDECE0 /* Build configuration list for PBXProject "Pitch Pal" */ = {
			isa = XCConfigurationList;
			buildConfigurations = (
				E7C54004251C0ED500EDECE0 /* Debug */,
				E7C54005251C0ED500EDECE0 /* Release */,
			);
			defaultConfigurationIsVisible = 0;
			defaultConfigurationName = Release;
		};
		E7C54006251C0ED500EDECE0 /* Build configuration list for PBXNativeTarget "Pitch Pal" */ = {
			isa = XCConfigurationList;
			buildConfigurations = (
				E7C54007251C0ED500EDECE0 /* Debug */,
				E7C54008251C0ED500EDECE0 /* Release */,
			);
			defaultConfigurationIsVisible = 0;
			defaultConfigurationName = Release;
		};
/* End XCConfigurationList section */
	};
	rootObject = E7C53FEA251C0ED000EDECE0 /* Project object */;
}
